Microsoft Visual Studio Solution File, Format Version 12.00
# Visual Studio Version 17
VisualStudioVersion = 17.5.2.0
MinimumVisualStudioVersion = 10.0.40219.1
Project("{2150E333-8FDC-42A3-9474-1A3956D46DE8}") = "backend", "backend", "{1AE8ACA6-933B-BF2A-3671-3E2EAC007D16}"
EndProject
Project("{FAE04EC0-301F-11D3-BF4B-00C04F79EFBC}") = "HelpAnimalApi", "backend\HelpAnimalApi\HelpAnimalApi.csproj", "{8B1A57FC-958A-F838-3050-215330CD80C2}"
EndProject
Project("{2150E333-8FDC-42A3-9474-1A3956D46DE8}") = "HelpAnimalApi (1)", "HelpAnimalApi (1)", "{8ADEB26C-2A49-C4AE-2D7F-72EC608D948F}"
EndProject
Project("{FAE04EC0-301F-11D3-BF4B-00C04F79EFBC}") = "HelpAnimal.Api", "backend\HelpAnimalApi\HelpAnimal.Api.csproj", "{0F5C6916-5ED6-257F-60F3-B5A4D757D902}"
EndProject
Global
	GlobalSection(SolutionConfigurationPlatforms) = preSolution
		Debug|Any CPU = Debug|Any CPU
		Release|Any CPU = Release|Any CPU
	EndGlobalSection
	GlobalSection(ProjectConfigurationPlatforms) = postSolution
		{8B1A57FC-958A-F838-3050-215330CD80C2}.Debug|Any CPU.ActiveCfg = Debug|Any CPU
		{8B1A57FC-958A-F838-3050-215330CD80C2}.Debug|Any CPU.Build.0 = Debug|Any CPU
		{8B1A57FC-958A-F838-3050-215330CD80C2}.Release|Any CPU.ActiveCfg = Release|Any CPU
		{8B1A57FC-958A-F838-3050-215330CD80C2}.Release|Any CPU.Build.0 = Release|Any CPU
		{0F5C6916-5ED6-257F-60F3-B5A4D757D902}.Debug|Any CPU.ActiveCfg = Debug|Any CPU
		{0F5C6916-5ED6-257F-60F3-B5A4D757D902}.Debug|Any CPU.Build.0 = Debug|Any CPU
		{0F5C6916-5ED6-257F-60F3-B5A4D757D902}.Release|Any CPU.ActiveCfg = Release|Any CPU
		{0F5C6916-5ED6-257F-60F3-B5A4D757D902}.Release|Any CPU.Build.0 = Release|Any CPU
	EndGlobalSection
	GlobalSection(SolutionProperties) = preSolution
		HideSolutionNode = FALSE
	EndGlobalSection
	GlobalSection(NestedProjects) = preSolution
		{8B1A57FC-958A-F838-3050-215330CD80C2} = {1AE8ACA6-933B-BF2A-3671-3E2EAC007D16}
		{8ADEB26C-2A49-C4AE-2D7F-72EC608D948F} = {1AE8ACA6-933B-BF2A-3671-3E2EAC007D16}
		{0F5C6916-5ED6-257F-60F3-B5A4D757D902} = {8ADEB26C-2A49-C4AE-2D7F-72EC608D948F}
	EndGlobalSection
	GlobalSection(ExtensibilityGlobals) = postSolution
		SolutionGuid = {C7CC933F-2263-418D-A595-576A719509AB}
	EndGlobalSection
EndGlobal
